
Microsoft Visual Studio Solution File, Format Version 12.00
# Visual Studio Version 17
VisualStudioVersion = 17.2.32526.322
MinimumVisualStudioVersion = 10.0.40219.1
Project("{FAE04EC0-301F-11D3-BF4B-00C04F79EFBC}") = "Tarefas", "Tarefas\Tarefas.csproj", "{C91CB263-4489-45E0-A299-1F84B2C8FB3E}"
EndProject
Global
	GlobalSection(SolutionConfigurationPlatforms) = preSolution
		Debug|Any CPU = Debug|Any CPU
		Release|Any CPU = Release|Any CPU
	EndGlobalSection
	GlobalSection(ProjectConfigurationPlatforms) = postSolution
		{C91CB263-4489-45E0-A299-1F84B2C8FB3E}.Debug|Any CPU.ActiveCfg = Debug|Any CPU
		{C91CB263-4489-45E0-A299-1F84B2C8FB3E}.Debug|Any CPU.Build.0 = Debug|Any CPU
		{C91CB263-4489-45E0-A299-1F84B2C8FB3E}.Release|Any CPU.ActiveCfg = Release|Any CPU
		{C91CB263-4489-45E0-A299-1F84B2C8FB3E}.Release|Any CPU.Build.0 = Release|Any CPU
	EndGlobalSection
	GlobalSection(SolutionProperties) = preSolution
		HideSolutionNode = FALSE
	EndGlobalSection
	GlobalSection(ExtensibilityGlobals) = postSolution
		SolutionGuid = {0321B9AA-8B00-4A06-B5DE-63C8553A0767}
	EndGlobalSection
EndGlobal
